<?xml version="1.0" encoding="utf-8"?>
<Project ToolsVersion="4.0" xmlns="http://schemas.microsoft.com/developer/msbuild/2003">
  <ItemGroup>
    <CudaCompile Include="GpuUtils.cu">
      <Filter>Source Files</Filter>
    </CudaCompile>
    <CudaCompile Include="GpuFocalProcessing.cu">
      <Filter>Source Files</Filter>
    </CudaCompile>
  </ItemGroup>
  <ItemGroup>
    <Filter Include="Header Files">
      <UniqueIdentifier>{3106d27d-ad69-4c2b-9ea4-f55762b4537b}</UniqueIdentifier>
    </Filter>
    <Filter Include="Source Files">
      <UniqueIdentifier>{f6e396ae-3a04-4ae0-9557-fad622c4127c}</UniqueIdentifier>
    </Filter>
  </ItemGroup>
  <ItemGroup>
    <ClInclude Include="GpuUtils.cuh">
      <Filter>Header Files</Filter>
    </ClInclude>
    <ClInclude Include="GpuFocalProcessing.cuh">
      <Filter>Header Files</Filter>
    </ClInclude>
    <ClInclude Include="GpuTimer.cuh">
      <Filter>Header Files</Filter>
    </ClInclude>
  </ItemGroup>
</Project>